
Microsoft Visual Studio Solution File, Format Version 12.00
# Visual Studio 15
VisualStudioVersion = 15.0.26430.16
MinimumVisualStudioVersion = 10.0.40219.1
Project("{FAE04EC0-301F-11D3-BF4B-00C04F79EFBC}") = "ForeignExchangeWin2.Android", "ForeignExchangeWin2\ForeignExchangeWin2.Android\ForeignExchangeWin2.Android.csproj", "{E68222CA-5A17-4B76-B0FA-318794206DAB}"
EndProject
Project("{FAE04EC0-301F-11D3-BF4B-00C04F79EFBC}") = "ForeignExchangeWin2", "ForeignExchangeWin2\ForeignExchangeWin2\ForeignExchangeWin2.csproj", "{C37662EE-F2D6-4FEC-862A-3EBDF943CD91}"
EndProject
Project("{FAE04EC0-301F-11D3-BF4B-00C04F79EFBC}") = "ForeignExchangeWin2.UWP", "ForeignExchangeWin2\ForeignExchangeWin2.UWP\ForeignExchangeWin2.UWP.csproj", "{44A8C61B-A329-426B-B8E1-DF2BB929B69F}"
EndProject
Project("{FAE04EC0-301F-11D3-BF4B-00C04F79EFBC}") = "ForeignExchangeWin2.iOS", "ForeignExchangeWin2\ForeignExchangeWin2.iOS\ForeignExchangeWin2.iOS.csproj", "{090BA1A3-8EFE-4D29-ABD5-829D1E012F1B}"
EndProject
Global
	GlobalSection(SolutionConfigurationPlatforms) = preSolution
		Ad-Hoc|Any CPU = Ad-Hoc|Any CPU
		Ad-Hoc|ARM = Ad-Hoc|ARM
		Ad-Hoc|iPhone = Ad-Hoc|iPhone
		Ad-Hoc|iPhoneSimulator = Ad-Hoc|iPhoneSimulator
		Ad-Hoc|x64 = Ad-Hoc|x64
		Ad-Hoc|x86 = Ad-Hoc|x86
		AppStore|Any CPU = AppStore|Any CPU
		AppStore|ARM = AppStore|ARM
		AppStore|iPhone = AppStore|iPhone
		AppStore|iPhoneSimulator = AppStore|iPhoneSimulator
		AppStore|x64 = AppStore|x64
		AppStore|x86 = AppStore|x86
		Debug|Any CPU = Debug|Any CPU
		Debug|ARM = Debug|ARM
		Debug|iPhone = Debug|iPhone
		Debug|iPhoneSimulator = Debug|iPhoneSimulator
		Debug|x64 = Debug|x64
		Debug|x86 = Debug|x86
		Release|Any CPU = Release|Any CPU
		Release|ARM = Release|ARM
		Release|iPhone = Release|iPhone
		Release|iPhoneSimulator = Release|iPhoneSimulator
		Release|x64 = Release|x64
		Release|x86 = Release|x86
	EndGlobalSection
	GlobalSection(ProjectConfigurationPlatforms) = postSolution
		{E68222CA-5A17-4B76-B0FA-318794206DAB}.Ad-Hoc|Any CPU.ActiveCfg = Release|Any CPU
		{E68222CA-5A17-4B76-B0FA-318794206DAB}.Ad-Hoc|Any CPU.Build.0 = Release|Any CPU
		{E68222CA-5A17-4B76-B0FA-318794206DAB}.Ad-Hoc|Any CPU.Deploy.0 = Release|Any CPU
		{E68222CA-5A17-4B76-B0FA-318794206DAB}.Ad-Hoc|ARM.ActiveCfg = Release|Any CPU
		{E68222CA-5A17-4B76-B0FA-318794206DAB}.Ad-Hoc|ARM.Build.0 = Release|Any CPU
		{E68222CA-5A17-4B76-B0FA-318794206DAB}.Ad-Hoc|ARM.Deploy.0 = Release|Any CPU
		{E68222CA-5A17-4B76-B0FA-318794206DAB}.Ad-Hoc|iPhone.ActiveCfg = Release|Any CPU
		{E68222CA-5A17-4B76-B0FA-318794206DAB}.Ad-Hoc|iPhone.Build.0 = Release|Any CPU
		{E68222CA-5A17-4B76-B0FA-318794206DAB}.Ad-Hoc|iPhone.Deploy.0 = Release|Any CPU
		{E68222CA-5A17-4B76-B0FA-318794206DAB}.Ad-Hoc|iPhoneSimulator.ActiveCfg = Release|Any CPU
		{E68222CA-5A17-4B76-B0FA-318794206DAB}.Ad-Hoc|iPhoneSimulator.Build.0 = Release|Any CPU
		{E68222CA-5A17-4B76-B0FA-318794206DAB}.Ad-Hoc|iPhoneSimulator.Deploy.0 = Release|Any CPU
		{E68222CA-5A17-4B76-B0FA-318794206DAB}.Ad-Hoc|x64.ActiveCfg = Release|Any CPU
		{E68222CA-5A17-4B76-B0FA-318794206DAB}.Ad-Hoc|x64.Build.0 = Release|Any CPU
		{E68222CA-5A17-4B76-B0FA-318794206DAB}.Ad-Hoc|x64.Deploy.0 = Release|Any CPU
		{E68222CA-5A17-4B76-B0FA-318794206DAB}.Ad-Hoc|x86.ActiveCfg = Release|Any CPU
		{E68222CA-5A17-4B76-B0FA-318794206DAB}.Ad-Hoc|x86.Build.0 = Release|Any CPU
		{E68222CA-5A17-4B76-B0FA-318794206DAB}.Ad-Hoc|x86.Deploy.0 = Release|Any CPU
		{E68222CA-5A17-4B76-B0FA-318794206DAB}.AppStore|Any CPU.ActiveCfg = Release|Any CPU
		{E68222CA-5A17-4B76-B0FA-318794206DAB}.AppStore|Any CPU.Build.0 = Release|Any CPU
		{E68222CA-5A17-4B76-B0FA-318794206DAB}.AppStore|Any CPU.Deploy.0 = Release|Any CPU
		{E68222CA-5A17-4B76-B0FA-318794206DAB}.AppStore|ARM.ActiveCfg = Release|Any CPU
		{E68222CA-5A17-4B76-B0FA-318794206DAB}.AppStore|ARM.Build.0 = Release|Any CPU
		{E68222CA-5A17-4B76-B0FA-318794206DAB}.AppStore|ARM.Deploy.0 = Release|Any CPU
		{E68222CA-5A17-4B76-B0FA-318794206DAB}.AppStore|iPhone.ActiveCfg = Release|Any CPU
		{E68222CA-5A17-4B76-B0FA-318794206DAB}.AppStore|iPhone.Build.0 = Release|Any CPU
		{E68222CA-5A17-4B76-B0FA-318794206DAB}.AppStore|iPhone.Deploy.0 = Release|Any CPU
		{E68222CA-5A17-4B76-B0FA-318794206DAB}.AppStore|iPhoneSimulator.ActiveCfg = Release|Any CPU
		{E68222CA-5A17-4B76-B0FA-318794206DAB}.AppStore|iPhoneSimulator.Build.0 = Release|Any CPU
		{E68222CA-5A17-4B76-B0FA-318794206DAB}.AppStore|iPhoneSimulator.Deploy.0 = Release|Any CPU
		{E68222CA-5A17-4B76-B0FA-318794206DAB}.AppStore|x64.ActiveCfg = Release|Any CPU
		{E68222CA-5A17-4B76-B0FA-318794206DAB}.AppStore|x64.Build.0 = Release|Any CPU
		{E68222CA-5A17-4B76-B0FA-318794206DAB}.AppStore|x64.Deploy.0 = Release|Any CPU
		{E68222CA-5A17-4B76-B0FA-318794206DAB}.AppStore|x86.ActiveCfg = Release|Any CPU
		{E68222CA-5A17-4B76-B0FA-318794206DAB}.AppStore|x86.Build.0 = Release|Any CPU
		{E68222CA-5A17-4B76-B0FA-318794206DAB}.AppStore|x86.Deploy.0 = Release|Any CPU
		{E68222CA-5A17-4B76-B0FA-318794206DAB}.Debug|Any CPU.ActiveCfg = Debug|Any CPU
		{E68222CA-5A17-4B76-B0FA-318794206DAB}.Debug|Any CPU.Build.0 = Debug|Any CPU
		{E68222CA-5A17-4B76-B0FA-318794206DAB}.Debug|Any CPU.Deploy.0 = Debug|Any CPU
		{E68222CA-5A17-4B76-B0FA-318794206DAB}.Debug|ARM.ActiveCfg = Debug|Any CPU
		{E68222CA-5A17-4B76-B0FA-318794206DAB}.Debug|ARM.Build.0 = Debug|Any CPU
		{E68222CA-5A17-4B76-B0FA-318794206DAB}.Debug|ARM.Deploy.0 = Debug|Any CPU
		{E68222CA-5A17-4B76-B0FA-318794206DAB}.Debug|iPhone.ActiveCfg = Debug|Any CPU
		{E68222CA-5A17-4B76-B0FA-318794206DAB}.Debug|iPhone.Build.0 = Debug|Any CPU
		{E68222CA-5A17-4B76-B0FA-318794206DAB}.Debug|iPhone.Deploy.0 = Debug|Any CPU
		{E68222CA-5A17-4B76-B0FA-318794206DAB}.Debug|iPhoneSimulator.ActiveCfg = Debug|Any CPU
		{E68222CA-5A17-4B76-B0FA-318794206DAB}.Debug|iPhoneSimulator.Build.0 = Debug|Any CPU
		{E68222CA-5A17-4B76-B0FA-318794206DAB}.Debug|iPhoneSimulator.Deploy.0 = Debug|Any CPU
		{E68222CA-5A17-4B76-B0FA-318794206DAB}.Debug|x64.ActiveCfg = Debug|Any CPU
		{E68222CA-5A17-4B76-B0FA-318794206DAB}.Debug|x64.Build.0 = Debug|Any CPU
		{E68222CA-5A17-4B76-B0FA-318794206DAB}.Debug|x64.Deploy.0 = Debug|Any CPU
		{E68222CA-5A17-4B76-B0FA-318794206DAB}.Debug|x86.ActiveCfg = Debug|Any CPU
		{E68222CA-5A17-4B76-B0FA-318794206DAB}.Debug|x86.Build.0 = Debug|Any CPU
		{E68222CA-5A17-4B76-B0FA-318794206DAB}.Debug|x86.Deploy.0 = Debug|Any CPU
		{E68222CA-5A17-4B76-B0FA-318794206DAB}.Release|Any CPU.ActiveCfg = Release|Any CPU
		{E68222CA-5A17-4B76-B0FA-318794206DAB}.Release|Any CPU.Build.0 = Release|Any CPU
		{E68222CA-5A17-4B76-B0FA-318794206DAB}.Release|Any CPU.Deploy.0 = Release|Any CPU
		{E68222CA-5A17-4B76-B0FA-318794206DAB}.Release|ARM.ActiveCfg = Release|Any CPU
		{E68222CA-5A17-4B76-B0FA-318794206DAB}.Release|ARM.Build.0 = Release|Any CPU
		{E68222CA-5A17-4B76-B0FA-318794206DAB}.Release|ARM.Deploy.0 = Release|Any CPU
		{E68222CA-5A17-4B76-B0FA-318794206DAB}.Release|iPhone.ActiveCfg = Release|Any CPU
		{E68222CA-5A17-4B76-B0FA-318794206DAB}.Release|iPhone.Build.0 = Release|Any CPU
		{E68222CA-5A17-4B76-B0FA-318794206DAB}.Release|iPhone.Deploy.0 = Release|Any CPU
		{E68222CA-5A17-4B76-B0FA-318794206DAB}.Release|iPhoneSimulator.ActiveCfg = Release|Any CPU
		{E68222CA-5A17-4B76-B0FA-318794206DAB}.Release|iPhoneSimulator.Build.0 = Release|Any CPU
		{E68222CA-5A17-4B76-B0FA-318794206DAB}.Release|iPhoneSimulator.Deploy.0 = Release|Any CPU
		{E68222CA-5A17-4B76-B0FA-318794206DAB}.Release|x64.ActiveCfg = Release|Any CPU
		{E68222CA-5A17-4B76-B0FA-318794206DAB}.Release|x64.Build.0 = Release|Any CPU
		{E68222CA-5A17-4B76-B0FA-318794206DAB}.Release|x64.Deploy.0 = Release|Any CPU
		{E68222CA-5A17-4B76-B0FA-318794206DAB}.Release|x86.ActiveCfg = Release|Any CPU
		{E68222CA-5A17-4B76-B0FA-318794206DAB}.Release|x86.Build.0 = Release|Any CPU
		{E68222CA-5A17-4B76-B0FA-318794206DAB}.Release|x86.Deploy.0 = Release|Any CPU
		{C37662EE-F2D6-4FEC-862A-3EBDF943CD91}.Ad-Hoc|Any CPU.ActiveCfg = Release|Any CPU
		{C37662EE-F2D6-4FEC-862A-3EBDF943CD91}.Ad-Hoc|Any CPU.Build.0 = Release|Any CPU
		{C37662EE-F2D6-4FEC-862A-3EBDF943CD91}.Ad-Hoc|ARM.ActiveCfg = Release|Any CPU
		{C37662EE-F2D6-4FEC-862A-3EBDF943CD91}.Ad-Hoc|ARM.Build.0 = Release|Any CPU
		{C37662EE-F2D6-4FEC-862A-3EBDF943CD91}.Ad-Hoc|iPhone.ActiveCfg = Release|Any CPU
		{C37662EE-F2D6-4FEC-862A-3EBDF943CD91}.Ad-Hoc|iPhone.Build.0 = Release|Any CPU
		{C37662EE-F2D6-4FEC-862A-3EBDF943CD91}.Ad-Hoc|iPhoneSimulator.ActiveCfg = Release|Any CPU
		{C37662EE-F2D6-4FEC-862A-3EBDF943CD91}.Ad-Hoc|iPhoneSimulator.Build.0 = Release|Any CPU
		{C37662EE-F2D6-4FEC-862A-3EBDF943CD91}.Ad-Hoc|x64.ActiveCfg = Release|Any CPU
		{C37662EE-F2D6-4FEC-862A-3EBDF943CD91}.Ad-Hoc|x64.Build.0 = Release|Any CPU
		{C37662EE-F2D6-4FEC-862A-3EBDF943CD91}.Ad-Hoc|x86.ActiveCfg = Release|Any CPU
		{C37662EE-F2D6-4FEC-862A-3EBDF943CD91}.Ad-Hoc|x86.Build.0 = Release|Any CPU
		{C37662EE-F2D6-4FEC-862A-3EBDF943CD91}.AppStore|Any CPU.ActiveCfg = Release|Any CPU
		{C37662EE-F2D6-4FEC-862A-3EBDF943CD91}.AppStore|Any CPU.Build.0 = Release|Any CPU
		{C37662EE-F2D6-4FEC-862A-3EBDF943CD91}.AppStore|ARM.ActiveCfg = Release|Any CPU
		{C37662EE-F2D6-4FEC-862A-3EBDF943CD91}.AppStore|ARM.Build.0 = Release|Any CPU
		{C37662EE-F2D6-4FEC-862A-3EBDF943CD91}.AppStore|iPhone.ActiveCfg = Release|Any CPU
		{C37662EE-F2D6-4FEC-862A-3EBDF943CD91}.AppStore|iPhone.Build.0 = Release|Any CPU
		{C37662EE-F2D6-4FEC-862A-3EBDF943CD91}.AppStore|iPhoneSimulator.ActiveCfg = Release|Any CPU
		{C37662EE-F2D6-4FEC-862A-3EBDF943CD91}.AppStore|iPhoneSimulator.Build.0 = Release|Any CPU
		{C37662EE-F2D6-4FEC-862A-3EBDF943CD91}.AppStore|x64.ActiveCfg = Release|Any CPU
		{C37662EE-F2D6-4FEC-862A-3EBDF943CD91}.AppStore|x64.Build.0 = Release|Any CPU
		{C37662EE-F2D6-4FEC-862A-3EBDF943CD91}.AppStore|x86.ActiveCfg = Release|Any CPU
		{C37662EE-F2D6-4FEC-862A-3EBDF943CD91}.AppStore|x86.Build.0 = Release|Any CPU
		{C37662EE-F2D6-4FEC-862A-3EBDF943CD91}.Debug|Any CPU.ActiveCfg = Debug|Any CPU
		{C37662EE-F2D6-4FEC-862A-3EBDF943CD91}.Debug|Any CPU.Build.0 = Debug|Any CPU
		{C37662EE-F2D6-4FEC-862A-3EBDF943CD91}.Debug|ARM.ActiveCfg = Debug|Any CPU
		{C37662EE-F2D6-4FEC-862A-3EBDF943CD91}.Debug|ARM.Build.0 = Debug|Any CPU
		{C37662EE-F2D6-4FEC-862A-3EBDF943CD91}.Debug|iPhone.ActiveCfg = Debug|Any CPU
		{C37662EE-F2D6-4FEC-862A-3EBDF943CD91}.Debug|iPhone.Build.0 = Debug|Any CPU
		{C37662EE-F2D6-4FEC-862A-3EBDF943CD91}.Debug|iPhoneSimulator.ActiveCfg = Debug|Any CPU
		{C37662EE-F2D6-4FEC-862A-3EBDF943CD91}.Debug|iPhoneSimulator.Build.0 = Debug|Any CPU
		{C37662EE-F2D6-4FEC-862A-3EBDF943CD91}.Debug|x64.ActiveCfg = Debug|Any CPU
		{C37662EE-F2D6-4FEC-862A-3EBDF943CD91}.Debug|x64.Build.0 = Debug|Any CPU
		{C37662EE-F2D6-4FEC-862A-3EBDF943CD91}.Debug|x86.ActiveCfg = Debug|Any CPU
		{C37662EE-F2D6-4FEC-862A-3EBDF943CD91}.Debug|x86.Build.0 = Debug|Any CPU
		{C37662EE-F2D6-4FEC-862A-3EBDF943CD91}.Release|Any CPU.ActiveCfg = Release|Any CPU
		{C37662EE-F2D6-4FEC-862A-3EBDF943CD91}.Release|Any CPU.Build.0 = Release|Any CPU
		{C37662EE-F2D6-4FEC-862A-3EBDF943CD91}.Release|ARM.ActiveCfg = Release|Any CPU
		{C37662EE-F2D6-4FEC-862A-3EBDF943CD91}.Release|ARM.Build.0 = Release|Any CPU
		{C37662EE-F2D6-4FEC-862A-3EBDF943CD91}.Release|iPhone.ActiveCfg = Release|Any CPU
		{C37662EE-F2D6-4FEC-862A-3EBDF943CD91}.Release|iPhone.Build.0 = Release|Any CPU
		{C37662EE-F2D6-4FEC-862A-3EBDF943CD91}.Release|iPhoneSimulator.ActiveCfg = Release|Any CPU
		{C37662EE-F2D6-4FEC-862A-3EBDF943CD91}.Release|iPhoneSimulator.Build.0 = Release|Any CPU
		{C37662EE-F2D6-4FEC-862A-3EBDF943CD91}.Release|x64.ActiveCfg = Release|Any CPU
		{C37662EE-F2D6-4FEC-862A-3EBDF943CD91}.Release|x64.Build.0 = Release|Any CPU
		{C37662EE-F2D6-4FEC-862A-3EBDF943CD91}.Release|x86.ActiveCfg = Release|Any CPU
		{C37662EE-F2D6-4FEC-862A-3EBDF943CD91}.Release|x86.Build.0 = Release|Any CPU
		{44A8C61B-A329-426B-B8E1-DF2BB929B69F}.Ad-Hoc|Any CPU.ActiveCfg = Release|x86
		{44A8C61B-A329-426B-B8E1-DF2BB929B69F}.Ad-Hoc|Any CPU.Build.0 = Release|x86
		{44A8C61B-A329-426B-B8E1-DF2BB929B69F}.Ad-Hoc|Any CPU.Deploy.0 = Release|x86
		{44A8C61B-A329-426B-B8E1-DF2BB929B69F}.Ad-Hoc|ARM.ActiveCfg = Release|ARM
		{44A8C61B-A329-426B-B8E1-DF2BB929B69F}.Ad-Hoc|ARM.Build.0 = Release|ARM
		{44A8C61B-A329-426B-B8E1-DF2BB929B69F}.Ad-Hoc|ARM.Deploy.0 = Release|ARM
		{44A8C61B-A329-426B-B8E1-DF2BB929B69F}.Ad-Hoc|iPhone.ActiveCfg = Release|x86
		{44A8C61B-A329-426B-B8E1-DF2BB929B69F}.Ad-Hoc|iPhone.Build.0 = Release|x86
		{44A8C61B-A329-426B-B8E1-DF2BB929B69F}.Ad-Hoc|iPhone.Deploy.0 = Release|x86
		{44A8C61B-A329-426B-B8E1-DF2BB929B69F}.Ad-Hoc|iPhoneSimulator.ActiveCfg = Release|x86
		{44A8C61B-A329-426B-B8E1-DF2BB929B69F}.Ad-Hoc|iPhoneSimulator.Build.0 = Release|x86
		{44A8C61B-A329-426B-B8E1-DF2BB929B69F}.Ad-Hoc|iPhoneSimulator.Deploy.0 = Release|x86
		{44A8C61B-A329-426B-B8E1-DF2BB929B69F}.Ad-Hoc|x64.ActiveCfg = Release|x64
		{44A8C61B-A329-426B-B8E1-DF2BB929B69F}.Ad-Hoc|x64.Build.0 = Release|x64
		{44A8C61B-A329-426B-B8E1-DF2BB929B69F}.Ad-Hoc|x64.Deploy.0 = Release|x64
		{44A8C61B-A329-426B-B8E1-DF2BB929B69F}.Ad-Hoc|x86.ActiveCfg = Release|x86
		{44A8C61B-A329-426B-B8E1-DF2BB929B69F}.Ad-Hoc|x86.Build.0 = Release|x86
		{44A8C61B-A329-426B-B8E1-DF2BB929B69F}.Ad-Hoc|x86.Deploy.0 = Release|x86
		{44A8C61B-A329-426B-B8E1-DF2BB929B69F}.AppStore|Any CPU.ActiveCfg = Release|x86
		{44A8C61B-A329-426B-B8E1-DF2BB929B69F}.AppStore|Any CPU.Build.0 = Release|x86
		{44A8C61B-A329-426B-B8E1-DF2BB929B69F}.AppStore|Any CPU.Deploy.0 = Release|x86
		{44A8C61B-A329-426B-B8E1-DF2BB929B69F}.AppStore|ARM.ActiveCfg = Release|ARM
		{44A8C61B-A329-426B-B8E1-DF2BB929B69F}.AppStore|ARM.Build.0 = Release|ARM
		{44A8C61B-A329-426B-B8E1-DF2BB929B69F}.AppStore|ARM.Deploy.0 = Release|ARM
		{44A8C61B-A329-426B-B8E1-DF2BB929B69F}.AppStore|iPhone.ActiveCfg = Release|x86
		{44A8C61B-A329-426B-B8E1-DF2BB929B69F}.AppStore|iPhone.Build.0 = Release|x86
		{44A8C61B-A329-426B-B8E1-DF2BB929B69F}.AppStore|iPhone.Deploy.0 = Release|x86
		{44A8C61B-A329-426B-B8E1-DF2BB929B69F}.AppStore|iPhoneSimulator.ActiveCfg = Release|x86
		{44A8C61B-A329-426B-B8E1-DF2BB929B69F}.AppStore|iPhoneSimulator.Build.0 = Release|x86
		{44A8C61B-A329-426B-B8E1-DF2BB929B69F}.AppStore|iPhoneSimulator.Deploy.0 = Release|x86
		{44A8C61B-A329-426B-B8E1-DF2BB929B69F}.AppStore|x64.ActiveCfg = Release|x64
		{44A8C61B-A329-426B-B8E1-DF2BB929B69F}.AppStore|x64.Build.0 = Release|x64
		{44A8C61B-A329-426B-B8E1-DF2BB929B69F}.AppStore|x64.Deploy.0 = Release|x64
		{44A8C61B-A329-426B-B8E1-DF2BB929B69F}.AppStore|x86.ActiveCfg = Release|x86
		{44A8C61B-A329-426B-B8E1-DF2BB929B69F}.AppStore|x86.Build.0 = Release|x86
		{44A8C61B-A329-426B-B8E1-DF2BB929B69F}.AppStore|x86.Deploy.0 = Release|x86
		{44A8C61B-A329-426B-B8E1-DF2BB929B69F}.Debug|Any CPU.ActiveCfg = Debug|x86
		{44A8C61B-A329-426B-B8E1-DF2BB929B69F}.Debug|Any CPU.Build.0 = Debug|x86
		{44A8C61B-A329-426B-B8E1-DF2BB929B69F}.Debug|Any CPU.Deploy.0 = Debug|x86
		{44A8C61B-A329-426B-B8E1-DF2BB929B69F}.Debug|ARM.ActiveCfg = Debug|ARM
		{44A8C61B-A329-426B-B8E1-DF2BB929B69F}.Debug|ARM.Build.0 = Debug|ARM
		{44A8C61B-A329-426B-B8E1-DF2BB929B69F}.Debug|ARM.Deploy.0 = Debug|ARM
		{44A8C61B-A329-426B-B8E1-DF2BB929B69F}.Debug|iPhone.ActiveCfg = Debug|x86
		{44A8C61B-A329-426B-B8E1-DF2BB929B69F}.Debug|iPhoneSimulator.ActiveCfg = Debug|x86
		{44A8C61B-A329-426B-B8E1-DF2BB929B69F}.Debug|x64.ActiveCfg = Debug|x64
		{44A8C61B-A329-426B-B8E1-DF2BB929B69F}.Debug|x64.Build.0 = Debug|x64
		{44A8C61B-A329-426B-B8E1-DF2BB929B69F}.Debug|x64.Deploy.0 = Debug|x64
		{44A8C61B-A329-426B-B8E1-DF2BB929B69F}.Debug|x86.ActiveCfg = Debug|x86
		{44A8C61B-A329-426B-B8E1-DF2BB929B69F}.Debug|x86.Build.0 = Debug|x86
		{44A8C61B-A329-426B-B8E1-DF2BB929B69F}.Debug|x86.Deploy.0 = Debug|x86
		{44A8C61B-A329-426B-B8E1-DF2BB929B69F}.Release|Any CPU.ActiveCfg = Release|x86
		{44A8C61B-A329-426B-B8E1-DF2BB929B69F}.Release|ARM.ActiveCfg = Release|ARM
		{44A8C61B-A329-426B-B8E1-DF2BB929B69F}.Release|ARM.Build.0 = Release|ARM
		{44A8C61B-A329-426B-B8E1-DF2BB929B69F}.Release|ARM.Deploy.0 = Release|ARM
		{44A8C61B-A329-426B-B8E1-DF2BB929B69F}.Release|iPhone.ActiveCfg = Release|x86
		{44A8C61B-A329-426B-B8E1-DF2BB929B69F}.Release|iPhoneSimulator.ActiveCfg = Release|x86
		{44A8C61B-A329-426B-B8E1-DF2BB929B69F}.Release|x64.ActiveCfg = Release|x64
		{44A8C61B-A329-426B-B8E1-DF2BB929B69F}.Release|x64.Build.0 = Release|x64
		{44A8C61B-A329-426B-B8E1-DF2BB929B69F}.Release|x64.Deploy.0 = Release|x64
		{44A8C61B-A329-426B-B8E1-DF2BB929B69F}.Release|x86.ActiveCfg = Release|x86
		{44A8C61B-A329-426B-B8E1-DF2BB929B69F}.Release|x86.Build.0 = Release|x86
		{44A8C61B-A329-426B-B8E1-DF2BB929B69F}.Release|x86.Deploy.0 = Release|x86
		{090BA1A3-8EFE-4D29-ABD5-829D1E012F1B}.Ad-Hoc|Any CPU.ActiveCfg = Ad-Hoc|iPhone
		{090BA1A3-8EFE-4D29-ABD5-829D1E012F1B}.Ad-Hoc|ARM.ActiveCfg = Ad-Hoc|iPhone
		{090BA1A3-8EFE-4D29-ABD5-829D1E012F1B}.Ad-Hoc|iPhone.ActiveCfg = Ad-Hoc|iPhone
		{090BA1A3-8EFE-4D29-ABD5-829D1E012F1B}.Ad-Hoc|iPhone.Build.0 = Ad-Hoc|iPhone
		{090BA1A3-8EFE-4D29-ABD5-829D1E012F1B}.Ad-Hoc|iPhoneSimulator.ActiveCfg = Ad-Hoc|iPhoneSimulator
		{090BA1A3-8EFE-4D29-ABD5-829D1E012F1B}.Ad-Hoc|iPhoneSimulator.Build.0 = Ad-Hoc|iPhoneSimulator
		{090BA1A3-8EFE-4D29-ABD5-829D1E012F1B}.Ad-Hoc|x64.ActiveCfg = Ad-Hoc|iPhone
		{090BA1A3-8EFE-4D29-ABD5-829D1E012F1B}.Ad-Hoc|x86.ActiveCfg = Ad-Hoc|iPhone
		{090BA1A3-8EFE-4D29-ABD5-829D1E012F1B}.AppStore|Any CPU.ActiveCfg = AppStore|iPhone
		{090BA1A3-8EFE-4D29-ABD5-829D1E012F1B}.AppStore|ARM.ActiveCfg = AppStore|iPhone
		{090BA1A3-8EFE-4D29-ABD5-829D1E012F1B}.AppStore|iPhone.ActiveCfg = AppStore|iPhone
		{090BA1A3-8EFE-4D29-ABD5-829D1E012F1B}.AppStore|iPhone.Build.0 = AppStore|iPhone
		{090BA1A3-8EFE-4D29-ABD5-829D1E012F1B}.AppStore|iPhoneSimulator.ActiveCfg = AppStore|iPhoneSimulator
		{090BA1A3-8EFE-4D29-ABD5-829D1E012F1B}.AppStore|iPhoneSimulator.Build.0 = AppStore|iPhoneSimulator
		{090BA1A3-8EFE-4D29-ABD5-829D1E012F1B}.AppStore|x64.ActiveCfg = AppStore|iPhone
		{090BA1A3-8EFE-4D29-ABD5-829D1E012F1B}.AppStore|x86.ActiveCfg = AppStore|iPhone
		{090BA1A3-8EFE-4D29-ABD5-829D1E012F1B}.Debug|Any CPU.ActiveCfg = Debug|iPhone
		{090BA1A3-8EFE-4D29-ABD5-829D1E012F1B}.Debug|ARM.ActiveCfg = Debug|iPhone
		{090BA1A3-8EFE-4D29-ABD5-829D1E012F1B}.Debug|iPhone.ActiveCfg = Debug|iPhone
		{090BA1A3-8EFE-4D29-ABD5-829D1E012F1B}.Debug|iPhone.Build.0 = Debug|iPhone
		{090BA1A3-8EFE-4D29-ABD5-829D1E012F1B}.Debug|iPhoneSimulator.ActiveCfg = Debug|iPhoneSimulator
		{090BA1A3-8EFE-4D29-ABD5-829D1E012F1B}.Debug|iPhoneSimulator.Build.0 = Debug|iPhoneSimulator
		{090BA1A3-8EFE-4D29-ABD5-829D1E012F1B}.Debug|x64.ActiveCfg = Debug|iPhone
		{090BA1A3-8EFE-4D29-ABD5-829D1E012F1B}.Debug|x86.ActiveCfg = Debug|iPhone
		{090BA1A3-8EFE-4D29-ABD5-829D1E012F1B}.Release|Any CPU.ActiveCfg = Release|iPhone
		{090BA1A3-8EFE-4D29-ABD5-829D1E012F1B}.Release|ARM.ActiveCfg = Release|iPhone
		{090BA1A3-8EFE-4D29-ABD5-829D1E012F1B}.Release|iPhone.ActiveCfg = Release|iPhone
		{090BA1A3-8EFE-4D29-ABD5-829D1E012F1B}.Release|iPhone.Build.0 = Release|iPhone
		{090BA1A3-8EFE-4D29-ABD5-829D1E012F1B}.Release|iPhoneSimulator.ActiveCfg = Release|iPhoneSimulator
		{090BA1A3-8EFE-4D29-ABD5-829D1E012F1B}.Release|iPhoneSimulator.Build.0 = Release|iPhoneSimulator
		{090BA1A3-8EFE-4D29-ABD5-829D1E012F1B}.Release|x64.ActiveCfg = Release|iPhone
		{090BA1A3-8EFE-4D29-ABD5-829D1E012F1B}.Release|x86.ActiveCfg = Release|iPhone
	EndGlobalSection
	GlobalSection(SolutionProperties) = preSolution
		HideSolutionNode = FALSE
	EndGlobalSection
EndGlobal
